// !$*UTF8*$!
{
	archiveVersion = 1;
	classes = {
	};
	objectVersion = 46;
	objects = {

/* Begin PBXBuildFile section */
		ED5B90561C02F12600C491F8 /* main.m in Sources */ = {isa = PBXBuildFile; fileRef = ED5B90551C02F12600C491F8 /* main.m */; };
		ED5B90591C02F12600C491F8 /* AppDelegate.m in Sources */ = {isa = PBXBuildFile; fileRef = ED5B90581C02F12600C491F8 /* AppDelegate.m */; };
		ED5B905C1C02F12600C491F8 /* FirstViewController.m in Sources */ = {isa = PBXBuildFile; fileRef = ED5B905B1C02F12600C491F8 /* FirstViewController.m */; };
		ED5B905F1C02F12600C491F8 /* SecondViewController.m in Sources */ = {isa = PBXBuildFile; fileRef = ED5B905E1C02F12600C491F8 /* SecondViewController.m */; };
		ED5B90621C02F12600C491F8 /* Main.storyboard in Resources */ = {isa = PBXBuildFile; fileRef = ED5B90601C02F12600C491F8 /* Main.storyboard */; };
		ED5B90641C02F12600C491F8 /* Assets.xcassets in Resources */ = {isa = PBXBuildFile; fileRef = ED5B90631C02F12600C491F8 /* Assets.xcassets */; };
		ED5B90671C02F12600C491F8 /* LaunchScreen.storyboard in Resources */ = {isa = PBXBuildFile; fileRef = ED5B90651C02F12600C491F8 /* LaunchScreen.storyboard */; };
/* End PBXBuildFile section */

/* Begin PBXFileReference section */
		ED5B90511C02F12600C491F8 /* TCTitleLoading.app */ = {isa = PBXFileReference; explicitFileType = wrapper.application; includeInIndex = 0; path = TCTitleLoading.app; sourceTree = BUILT_PRODUCTS_DIR; };
		ED5B90551C02F12600C491F8 /* main.m */ = {isa = PBXFileReference; lastKnownFileType = sourcecode.c.objc; path = main.m; sourceTree = "<group>"; };
		ED5B90571C02F12600C491F8 /* AppDelegate.h */ = {isa = PBXFileReference; lastKnownFileType = sourcecode.c.h; path = AppDelegate.h; sourceTree = "<group>"; };
		ED5B90581C02F12600C491F8 /* AppDelegate.m */ = {isa = PBXFileReference; lastKnownFileType = sourcecode.c.objc; path = AppDelegate.m; sourceTree = "<group>"; };
		ED5B905A1C02F12600C491F8 /* FirstViewController.h */ = {isa = PBXFileReference; lastKnownFileType = sourcecode.c.h; path = FirstViewController.h; sourceTree = "<group>"; };
		ED5B905B1C02F12600C491F8 /* FirstViewController.m */ = {isa = PBXFileReference; lastKnownFileType = sourcecode.c.objc; path = FirstViewController.m; sourceTree = "<group>"; };
		ED5B905D1C02F12600C491F8 /* SecondViewController.h */ = {isa = PBXFileReference; lastKnownFileType = sourcecode.c.h; path = SecondViewController.h; sourceTree = "<group>"; };
		ED5B905E1C02F12600C491F8 /* SecondViewController.m */ = {isa = PBXFileReference; lastKnownFileType = sourcecode.c.objc; path = SecondViewController.m; sourceTree = "<group>"; };
		ED5B90611C02F12600C491F8 /* Base */ = {isa = PBXFileReference; lastKnownFileType = file.storyboard; name = Base; path = Base.lproj/Main.storyboard; sourceTree = "<group>"; };
		ED5B90631C02F12600C491F8 /* Assets.xcassets */ = {isa = PBXFileReference; lastKnownFileType = folder.assetcatalog; path = Assets.xcassets; sourceTree = "<group>"; };
		ED5B90661C02F12600C491F8 /* Base */ = {isa = PBXFileReference; lastKnownFileType = file.storyboard; name = Base; path = Base.lproj/LaunchScreen.storyboard; sourceTree = "<group>"; };
		ED5B90681C02F12600C491F8 /* Info.plist */ = {isa = PBXFileReference; lastKnownFileType = text.plist.xml; path = Info.plist; sourceTree = "<group>"; };
/* End PBXFileReference section */

/* Begin PBXFrameworksBuildPhase section */
		ED5B904E1C02F12500C491F8 /* Frameworks */ = {
			isa = PBXFrameworksBuildPhase;
			buildActionMask = 2147483647;
			files = (
			);
			runOnlyForDeploymentPostprocessing = 0;
		};
/* End PBXFrameworksBuildPhase section */

/* Begin PBXGroup section */
		ED5B90481C02F12500C491F8 = {
			isa = PBXGroup;
			children = (
				ED5B90531C02F12600C491F8 /* TCTitleLoading */,
				ED5B90521C02F12600C491F8 /* Products */,
			);
			sourceTree = "<group>";
		};
		ED5B90521C02F12600C491F8 /* Products */ = {
			isa = PBXGroup;
			children = (
				ED5B90511C02F12600C491F8 /* TCTitleLoading.app */,
			);
			name = Products;
			sourceTree = "<group>";
		};
		ED5B90531C02F12600C491F8 /* TCTitleLoading */ = {
			isa = PBXGroup;
			children = (
				ED5B90571C02F12600C491F8 /* AppDelegate.h */,
				ED5B90581C02F12600C491F8 /* AppDelegate.m */,
				ED5B905A1C02F12600C491F8 /* FirstViewController.h */,
				ED5B905B1C02F12600C491F8 /* FirstViewController.m */,
				ED5B905D1C02F12600C491F8 /* SecondViewController.h */,
				ED5B905E1C02F12600C491F8 /* SecondViewController.m */,
				ED5B90601C02F12600C491F8 /* Main.storyboard */,
				ED5B90631C02F12600C491F8 /* Assets.xcassets */,
				ED5B90651C02F12600C491F8 /* LaunchScreen.storyboard */,
				ED5B90681C02F12600C491F8 /* Info.plist */,
				ED5B90541C02F12600C491F8 /* Supporting Files */,
			);
			path = TCTitleLoading;
			sourceTree = "<group>";
		};
		ED5B90541C02F12600C491F8 /* Supporting Files */ = {
			isa = PBXGroup;
			children = (
				ED5B90551C02F12600C491F8 /* main.m */,
			);
			name = "Supporting Files";
			sourceTree = "<group>";
		};
/* End PBXGroup section */

/* Begin PBXNativeTarget section */
		ED5B90501C02F12500C491F8 /* TCTitleLoading */ = {
			isa = PBXNativeTarget;
			buildConfigurationList = ED5B906B1C02F12600C491F8 /* Build configuration list for PBXNativeTarget "TCTitleLoading" */;
			buildPhases = (
				ED5B904D1C02F12500C491F8 /* Sources */,
				ED5B904E1C02F12500C491F8 /* Frameworks */,
				ED5B904F1C02F12500C491F8 /* Resources */,
			);
			buildRules = (
			);
			dependencies = (
			);
			name = TCTitleLoading;
			productName = TCTitleLoading;
			productReference = ED5B90511C02F12600C491F8 /* TCTitleLoading.app */;
			productType = "com.apple.product-type.application";
		};
/* End PBXNativeTarget section */

/* Begin PBXProject section */
		ED5B90491C02F12500C491F8 /* Project object */ = {
			isa = PBXProject;
			attributes = {
				LastUpgradeCheck = 0710;
				ORGANIZATIONNAME = TravelChu;
				TargetAttributes = {
					ED5B90501C02F12500C491F8 = {
						CreatedOnToolsVersion = 7.1.1;
					};
				};
			};
			buildConfigurationList = ED5B904C1C02F12500C491F8 /* Build configuration list for PBXProject "TCTitleLoading" */;
			compatibilityVersion = "Xcode 3.2";
			developmentRegion = English;
			hasScannedForEncodings = 0;
			knownRegions = (
				en,
				Base,
			);
			mainGroup = ED5B90481C02F12500C491F8;
			productRefGroup = ED5B90521C02F12600C491F8 /* Products */;
			projectDirPath = "";
			projectRoot = "";
			targets = (
				ED5B90501C02F12500C491F8 /* TCTitleLoading */,
			);
		};
/* End PBXProject section */

/* Begin PBXResourcesBuildPhase section */
		ED5B904F1C02F12500C491F8 /* Resources */ = {
			isa = PBXResourcesBuildPhase;
			buildActionMask = 2147483647;
			files = (
				ED5B90671C02F12600C491F8 /* LaunchScreen.storyboard in Resources */,
				ED5B90641C02F12600C491F8 /* Assets.xcassets in Resources */,
				ED5B90621C02F12600C491F8 /* Main.storyboard in Resources */,
			);
			runOnlyForDeploymentPostprocessing = 0;
		};
/* End PBXResourcesBuildPhase section */

/* Begin PBXSourcesBuildPhase section */
		ED5B904D1C02F12500C491F8 /* Sources */ = {
			isa = PBXSourcesBuildPhase;
			buildActionMask = 2147483647;
			files = (
				ED5B905F1C02F12600C491F8 /* SecondViewController.m in Sources */,
				ED5B90591C02F12600C491F8 /* AppDelegate.m in Sources */,
				ED5B905C1C02F12600C491F8 /* FirstViewController.m in Sources */,
				ED5B90561C02F12600C491F8 /* main.m in Sources */,
			);
			runOnlyForDeploymentPostprocessing = 0;
		};
/* End PBXSourcesBuildPhase section */

/* Begin PBXVariantGroup section */
		ED5B90601C02F12600C491F8 /* Main.storyboard */ = {
			isa = PBXVariantGroup;
			children = (
				ED5B90611C02F12600C491F8 /* Base */,
			);
			name = Main.storyboard;
			sourceTree = "<group>";
		};
		ED5B90651C02F12600C491F8 /* LaunchScreen.storyboard */ = {
			isa = PBXVariantGroup;
			children = (
				ED5B90661C02F12600C491F8 /* Base */,
			);
			name = LaunchScreen.storyboard;
			sourceTree = "<group>";
		};
/* End PBXVariantGroup section */

/* Begin XCBuildConfiguration section */
		ED5B90691C02F12600C491F8 /* Debug */ = {
			isa = XCBuildConfiguration;
			buildSettings = {
				ALWAYS_SEARCH_USER_PATHS = NO;
				CLANG_CXX_LANGUAGE_STANDARD = "gnu++0x";
				CLANG_CXX_LIBRARY = "libc++";
				CLANG_ENABLE_MODULES = YES;
				CLANG_ENABLE_OBJC_ARC = YES;
				CLANG_WARN_BOOL_CONVERSION = YES;
				CLANG_WARN_CONSTANT_CONVERSION = YES;
				CLANG_WARN_DIRECT_OBJC_ISA_USAGE = YES_ERROR;
				CLANG_WARN_EMPTY_BODY = YES;
				CLANG_WARN_ENUM_CONVERSION = YES;
				CLANG_WARN_INT_CONVERSION = YES;
				CLANG_WARN_OBJC_ROOT_CLASS = YES_ERROR;
				CLANG_WARN_UNREACHABLE_CODE = YES;
				CLANG_WARN__DUPLICATE_METHOD_MATCH = YES;
				"CODE_SIGN_IDENTITY[sdk=iphoneos*]" = "iPhone Developer";
				COPY_PHASE_STRIP = NO;
				DEBUG_INFORMATION_FORMAT = dwarf;
				ENABLE_STRICT_OBJC_MSGSEND = YES;
				ENABLE_TESTABILITY = YES;
				GCC_C_LANGUAGE_STANDARD = gnu99;
				GCC_DYNAMIC_NO_PIC = NO;
				GCC_NO_COMMON_BLOCKS = YES;
				GCC_OPTIMIZATION_LEVEL = 0;
				GCC_PREPROCESSOR_DEFINITIONS = (
					"DEBUG=1",
					"$(inherited)",
				);
				GCC_WARN_64_TO_32_BIT_CONVERSION = YES;
				GCC_WARN_ABOUT_RETURN_TYPE = YES_ERROR;
				GCC_WARN_UNDECLARED_SELECTOR = YES;
				GCC_WARN_UNINITIALIZED_AUTOS = YES_AGGRESSIVE;
				GCC_WARN_UNUSED_FUNCTION = YES;
				GCC_WARN_UNUSED_VARIABLE = YES;
				IPHONEOS_DEPLOYMENT_TARGET = 9.1;
				MTL_ENABLE_DEBUG_INFO = YES;
				ONLY_ACTIVE_ARCH = YES;
				SDKROOT = iphoneos;
			};
			name = Debug;
		};
		ED5B906A1C02F12600C491F8 /* Release */ = {
			isa = XCBuildConfiguration;
			buildSettings = {
				ALWAYS_SEARCH_USER_PATHS = NO;
				CLANG_CXX_LANGUAGE_STANDARD = "gnu++0x";
				CLANG_CXX_LIBRARY = "libc++";
				CLANG_ENABLE_MODULES = YES;
				CLANG_ENABLE_OBJC_ARC = YES;
				CLANG_WARN_BOOL_CONVERSION = YES;
				CLANG_WARN_CONSTANT_CONVERSION = YES;
				CLANG_WARN_DIRECT_OBJC_ISA_USAGE = YES_ERROR;
				CLANG_WARN_EMPTY_BODY = YES;
				CLANG_WARN_ENUM_CONVERSION = YES;
				CLANG_WARN_INT_CONVERSION = YES;
				CLANG_WARN_OBJC_ROOT_CLASS = YES_ERROR;
				CLANG_WARN_UNREACHABLE_CODE = YES;
				CLANG_WARN__DUPLICATE_METHOD_MATCH = YES;
				"CODE_SIGN_IDENTITY[sdk=iphoneos*]" = "iPhone Developer";
				COPY_PHASE_STRIP = NO;
				DEBUG_INFORMATION_FORMAT = "dwarf-with-dsym";
				ENABLE_NS_ASSERTIONS = NO;
				ENABLE_STRICT_OBJC_MSGSEND = YES;
				GCC_C_LANGUAGE_STANDARD = gnu99;
				GCC_NO_COMMON_BLOCKS = YES;
				GCC_WARN_64_TO_32_BIT_CONVERSION = YES;
				GCC_WARN_ABOUT_RETURN_TYPE = YES_ERROR;
				GCC_WARN_UNDECLARED_SELECTOR = YES;
				GCC_WARN_UNINITIALIZED_AUTOS = YES_AGGRESSIVE;
				GCC_WARN_UNUSED_FUNCTION = YES;
				GCC_WARN_UNUSED_VARIABLE = YES;
				IPHONEOS_DEPLOYMENT_TARGET = 9.1;
				MTL_ENABLE_DEBUG_INFO = NO;
				SDKROOT = iphoneos;
				VALIDATE_PRODUCT = YES;
			};
			name = Release;
		};
		ED5B906C1C02F12600C491F8 /* Debug */ = {
			isa = XCBuildConfiguration;
			buildSettings = {
				ASSETCATALOG_COMPILER_APPICON_NAME = AppIcon;
				INFOPLIST_FILE = TCTitleLoading/Info.plist;
				LD_RUNPATH_SEARCH_PATHS = "$(inherited) @executable_path/Frameworks";
				PRODUCT_BUNDLE_IDENTIFIER = com.travelchu.TCTitleLoading;
				PRODUCT_NAME = "$(TARGET_NAME)";
			};
			name = Debug;
		};
		ED5B906D1C02F12600C491F8 /* Release */ = {
			isa = XCBuildConfiguration;
			buildSettings = {
				ASSETCATALOG_COMPILER_APPICON_NAME = AppIcon;
				INFOPLIST_FILE = TCTitleLoading/Info.plist;
				LD_RUNPATH_SEARCH_PATHS = "$(inherited) @executable_path/Frameworks";
				PRODUCT_BUNDLE_IDENTIFIER = com.travelchu.TCTitleLoading;
				PRODUCT_NAME = "$(TARGET_NAME)";
			};
			name = Release;
		};
/* End XCBuildConfiguration section */

/* Begin XCConfigurationList section */
		ED5B904C1C02F12500C491F8 /* Build configuration list for PBXProject "TCTitleLoading" */ = {
			isa = XCConfigurationList;
			buildConfigurations = (
				ED5B90691C02F12600C491F8 /* Debug */,
				ED5B906A1C02F12600C491F8 /* Release */,
			);
			defaultConfigurationIsVisible = 0;
			defaultConfigurationName = Release;
		};
		ED5B906B1C02F12600C491F8 /* Build configuration list for PBXNativeTarget "TCTitleLoading" */ = {
			isa = XCConfigurationList;
			buildConfigurations = (
				ED5B906C1C02F12600C491F8 /* Debug */,
				ED5B906D1C02F12600C491F8 /* Release */,
			);
			defaultConfigurationIsVisible = 0;
		};
/* End XCConfigurationList section */
	};
	rootObject = ED5B90491C02F12500C491F8 /* Project object */;
}
